
Microsoft Visual Studio Solution File, Format Version 12.00
# Visual Studio Version 17
VisualStudioVersion = 17.4.33213.308
MinimumVisualStudioVersion = 10.0.40219.1
Project("{9A19103F-16F7-4668-BE54-9A1E7A4F7556}") = "BibleReference", "BibleReference\BibleReference.csproj", "{B43A5106-1453-4EC2-87AF-C97751CE9AF4}"
EndProject
Project("{FAE04EC0-301F-11D3-BF4B-00C04F79EFBC}") = "BibleReference.Tests", "BibleReference.Tests\BibleReference.Tests.csproj", "{A0ABA69E-F8C7-4496-B21D-5E88FC47AF20}"
EndProject
Global
	GlobalSection(SolutionConfigurationPlatforms) = preSolution
		Debug|Any CPU = Debug|Any CPU
		Release|Any CPU = Release|Any CPU
	EndGlobalSection
	GlobalSection(ProjectConfigurationPlatforms) = postSolution
		{B43A5106-1453-4EC2-87AF-C97751CE9AF4}.Debug|Any CPU.ActiveCfg = Debug|Any CPU
		{B43A5106-1453-4EC2-87AF-C97751CE9AF4}.Debug|Any CPU.Build.0 = Debug|Any CPU
		{B43A5106-1453-4EC2-87AF-C97751CE9AF4}.Release|Any CPU.ActiveCfg = Release|Any CPU
		{B43A5106-1453-4EC2-87AF-C97751CE9AF4}.Release|Any CPU.Build.0 = Release|Any CPU
		{A0ABA69E-F8C7-4496-B21D-5E88FC47AF20}.Debug|Any CPU.ActiveCfg = Debug|Any CPU
		{A0ABA69E-F8C7-4496-B21D-5E88FC47AF20}.Debug|Any CPU.Build.0 = Debug|Any CPU
		{A0ABA69E-F8C7-4496-B21D-5E88FC47AF20}.Release|Any CPU.ActiveCfg = Release|Any CPU
		{A0ABA69E-F8C7-4496-B21D-5E88FC47AF20}.Release|Any CPU.Build.0 = Release|Any CPU
	EndGlobalSection
	GlobalSection(SolutionProperties) = preSolution
		HideSolutionNode = FALSE
	EndGlobalSection
	GlobalSection(ExtensibilityGlobals) = postSolution
		SolutionGuid = {84B18D32-7785-4297-8670-EEF2BB712FFC}
	EndGlobalSection
EndGlobal
